
Microsoft Visual Studio Solution File, Format Version 12.00
Project("{FAE04EC0-301F-11D3-BF4B-00C04F79EFBC}") = "ConsoleVideoLibraryApplication", "ConsoleVideoLibraryApplication\ConsoleVideoLibraryApplication.csproj", "{54CD6892-DD99-4C34-A516-3C174AFCAFC3}"
EndProject
Project("{FAE04EC0-301F-11D3-BF4B-00C04F79EFBC}") = "VideoLibraryModels", "VideoLibraryModels\VideoLibraryModels.csproj", "{7B85BC54-61EC-4309-BC41-6EA2590B392C}"
EndProject
Project("{FAE04EC0-301F-11D3-BF4B-00C04F79EFBC}") = "VideoLibraryBLL", "VideoLibraryBLL\VideoLibraryBLL.csproj", "{B073C2FB-BEBF-439B-A5BF-B8A9B8AE337D}"
EndProject
Project("{2150E333-8FDC-42A3-9474-1A3956D46DE8}") = "Oldlayering", "Oldlayering", "{73B050C2-1776-4B32-BDCD-7F8E604BF69B}"
EndProject
Project("{2150E333-8FDC-42A3-9474-1A3956D46DE8}") = "Core", "Core", "{381A5A21-600F-4161-849C-058508A98FFA}"
EndProject
Project("{2150E333-8FDC-42A3-9474-1A3956D46DE8}") = "UI", "UI", "{EA666BB2-BB21-49EC-9A68-4C233E6E07AE}"
EndProject
Project("{FAE04EC0-301F-11D3-BF4B-00C04F79EFBC}") = "DanyloSoft.VideoApplication.Core", "DanyloSoft.VideoApplication.Core\DanyloSoft.VideoApplication.Core.csproj", "{2B05E72F-EE03-4ED1-AFC9-214D7ADCF68C}"
EndProject
Project("{FAE04EC0-301F-11D3-BF4B-00C04F79EFBC}") = "DanyloSoft.VideoApplication.Domain", "DanyloSoft.VideoApplication.Domain\DanyloSoft.VideoApplication.Domain.csproj", "{A8C4F5FF-22B4-40CA-AA32-30A6EE974613}"
EndProject
Project("{FAE04EC0-301F-11D3-BF4B-00C04F79EFBC}") = "DanyloSoft.VideoApplication.Infrastructure.DataAccess", "DanyloSoft.VideoApplication.Infrastructure.DataAccess\DanyloSoft.VideoApplication.Infrastructure.DataAccess.csproj", "{EB071682-62B2-44D8-98FD-78F77F70E182}"
EndProject
Project("{2150E333-8FDC-42A3-9474-1A3956D46DE8}") = "Infrastructure", "Infrastructure", "{2E898B24-9EF7-49C0-AA14-54582D8A9467}"
EndProject
Project("{FAE04EC0-301F-11D3-BF4B-00C04F79EFBC}") = "DanyloSoft.VideoApplication.UI", "DanyloSoft.VideoApplication.UI\DanyloSoft.VideoApplication.UI.csproj", "{5C4BC387-062A-4DFC-9A49-90C4B978B29D}"
EndProject
Global
	GlobalSection(SolutionConfigurationPlatforms) = preSolution
		Debug|Any CPU = Debug|Any CPU
		Release|Any CPU = Release|Any CPU
	EndGlobalSection
	GlobalSection(ProjectConfigurationPlatforms) = postSolution
		{54CD6892-DD99-4C34-A516-3C174AFCAFC3}.Debug|Any CPU.ActiveCfg = Debug|Any CPU
		{54CD6892-DD99-4C34-A516-3C174AFCAFC3}.Debug|Any CPU.Build.0 = Debug|Any CPU
		{54CD6892-DD99-4C34-A516-3C174AFCAFC3}.Release|Any CPU.ActiveCfg = Release|Any CPU
		{54CD6892-DD99-4C34-A516-3C174AFCAFC3}.Release|Any CPU.Build.0 = Release|Any CPU
		{7B85BC54-61EC-4309-BC41-6EA2590B392C}.Debug|Any CPU.ActiveCfg = Debug|Any CPU
		{7B85BC54-61EC-4309-BC41-6EA2590B392C}.Debug|Any CPU.Build.0 = Debug|Any CPU
		{7B85BC54-61EC-4309-BC41-6EA2590B392C}.Release|Any CPU.ActiveCfg = Release|Any CPU
		{7B85BC54-61EC-4309-BC41-6EA2590B392C}.Release|Any CPU.Build.0 = Release|Any CPU
		{B073C2FB-BEBF-439B-A5BF-B8A9B8AE337D}.Debug|Any CPU.ActiveCfg = Debug|Any CPU
		{B073C2FB-BEBF-439B-A5BF-B8A9B8AE337D}.Debug|Any CPU.Build.0 = Debug|Any CPU
		{B073C2FB-BEBF-439B-A5BF-B8A9B8AE337D}.Release|Any CPU.ActiveCfg = Release|Any CPU
		{B073C2FB-BEBF-439B-A5BF-B8A9B8AE337D}.Release|Any CPU.Build.0 = Release|Any CPU
		{2B05E72F-EE03-4ED1-AFC9-214D7ADCF68C}.Debug|Any CPU.ActiveCfg = Debug|Any CPU
		{2B05E72F-EE03-4ED1-AFC9-214D7ADCF68C}.Debug|Any CPU.Build.0 = Debug|Any CPU
		{2B05E72F-EE03-4ED1-AFC9-214D7ADCF68C}.Release|Any CPU.ActiveCfg = Release|Any CPU
		{2B05E72F-EE03-4ED1-AFC9-214D7ADCF68C}.Release|Any CPU.Build.0 = Release|Any CPU
		{A8C4F5FF-22B4-40CA-AA32-30A6EE974613}.Debug|Any CPU.ActiveCfg = Debug|Any CPU
		{A8C4F5FF-22B4-40CA-AA32-30A6EE974613}.Debug|Any CPU.Build.0 = Debug|Any CPU
		{A8C4F5FF-22B4-40CA-AA32-30A6EE974613}.Release|Any CPU.ActiveCfg = Release|Any CPU
		{A8C4F5FF-22B4-40CA-AA32-30A6EE974613}.Release|Any CPU.Build.0 = Release|Any CPU
		{EB071682-62B2-44D8-98FD-78F77F70E182}.Debug|Any CPU.ActiveCfg = Debug|Any CPU
		{EB071682-62B2-44D8-98FD-78F77F70E182}.Debug|Any CPU.Build.0 = Debug|Any CPU
		{EB071682-62B2-44D8-98FD-78F77F70E182}.Release|Any CPU.ActiveCfg = Release|Any CPU
		{EB071682-62B2-44D8-98FD-78F77F70E182}.Release|Any CPU.Build.0 = Release|Any CPU
		{5C4BC387-062A-4DFC-9A49-90C4B978B29D}.Debug|Any CPU.ActiveCfg = Debug|Any CPU
		{5C4BC387-062A-4DFC-9A49-90C4B978B29D}.Debug|Any CPU.Build.0 = Debug|Any CPU
		{5C4BC387-062A-4DFC-9A49-90C4B978B29D}.Release|Any CPU.ActiveCfg = Release|Any CPU
		{5C4BC387-062A-4DFC-9A49-90C4B978B29D}.Release|Any CPU.Build.0 = Release|Any CPU
	EndGlobalSection
	GlobalSection(NestedProjects) = preSolution
		{2B05E72F-EE03-4ED1-AFC9-214D7ADCF68C} = {381A5A21-600F-4161-849C-058508A98FFA}
		{A8C4F5FF-22B4-40CA-AA32-30A6EE974613} = {381A5A21-600F-4161-849C-058508A98FFA}
		{EB071682-62B2-44D8-98FD-78F77F70E182} = {2E898B24-9EF7-49C0-AA14-54582D8A9467}
		{54CD6892-DD99-4C34-A516-3C174AFCAFC3} = {73B050C2-1776-4B32-BDCD-7F8E604BF69B}
		{B073C2FB-BEBF-439B-A5BF-B8A9B8AE337D} = {73B050C2-1776-4B32-BDCD-7F8E604BF69B}
		{7B85BC54-61EC-4309-BC41-6EA2590B392C} = {73B050C2-1776-4B32-BDCD-7F8E604BF69B}
		{5C4BC387-062A-4DFC-9A49-90C4B978B29D} = {EA666BB2-BB21-49EC-9A68-4C233E6E07AE}
	EndGlobalSection
EndGlobal
